PODS:
  - amap_flutter_location (0.0.1):
    - AMapLocation
    - Flutter
  - AMapFoundation (1.8.2)
  - AMapLocation (2.10.0):
    - AMapFoundation (>= 1.8.0)
  - AMapSearch (9.7.2):
    - AMapFoundation (>= 1.8.0)
  - audio_session (0.0.1):
    - Flutter
  - better_open_file (0.0.1):
    - Flutter
  - camera_avfoundation (0.0.1):
    - Flutter
  - device_info_plus (0.0.1):
    - Flutter
  - emoji_picker_flutter (0.0.1):
    - Flutter
  - ffmpeg-kit-ios-min (5.1)
  - ffmpeg_kit_flutter_min (5.1.0):
    - ffmpeg_kit_flutter_min/min (= 5.1.0)
    - Flutter
  - ffmpeg_kit_flutter_min/min (5.1.0):
    - ffmpeg-kit-ios-min (= 5.1)
    - Flutter
  - Flutter (1.0.0)
  - flutter_keyboard_visibility (0.0.1):
    - Flutter
  - gal (1.0.0):
    - Flutter
    - FlutterMacOS
  - just_audio (0.0.1):
    - Flutter
  - Mute (0.6.1)
  - package_info_plus (0.4.5):
    - Flutter
  - path_provider_foundation (0.0.1):
    - Flutter
    - FlutterMacOS
  - permission_handler_apple (9.3.0):
    - Flutter
  - photo_manager (2.0.0):
    - Flutter
    - FlutterMacOS
  - share_plus (0.0.1):
    - Flutter
  - shared_preferences_foundation (0.0.1):
    - Flutter
    - FlutterMacOS
  - sound_mode (0.0.1):
    - Flutter
    - Mute (~> 0.6.0)
  - sqflite_darwin (0.0.4):
    - Flutter
    - FlutterMacOS
  - vibration (1.7.5):
    - Flutter
  - video_compress (0.3.0):
    - Flutter
  - video_player_avfoundation (0.0.1):
    - Flutter
    - FlutterMacOS
  - wakelock_plus (0.0.1):
    - Flutter
  - webview_flutter_wkwebview (0.0.1):
    - Flutter
    - FlutterMacOS

DEPENDENCIES:
  - amap_flutter_location (from `.symlinks/plugins/amap_flutter_location/ios`)
  - AMapSearch
  - audio_session (from `.symlinks/plugins/audio_session/ios`)
  - better_open_file (from `.symlinks/plugins/better_open_file/ios`)
  - camera_avfoundation (from `.symlinks/plugins/camera_avfoundation/ios`)
  - device_info_plus (from `.symlinks/plugins/device_info_plus/ios`)
  - emoji_picker_flutter (from `.symlinks/plugins/emoji_picker_flutter/ios`)
  - ffmpeg_kit_flutter_min (from `.symlinks/plugins/ffmpeg_kit_flutter_min/ios`)
  - Flutter (from `Flutter`)
  - flutter_keyboard_visibility (from `.symlinks/plugins/flutter_keyboard_visibility/ios`)
  - gal (from `.symlinks/plugins/gal/darwin`)
  - just_audio (from `.symlinks/plugins/just_audio/ios`)
  - package_info_plus (from `.symlinks/plugins/package_info_plus/ios`)
  - path_provider_foundation (from `.symlinks/plugins/path_provider_foundation/darwin`)
  - permission_handler_apple (from `.symlinks/plugins/permission_handler_apple/ios`)
  - photo_manager (from `.symlinks/plugins/photo_manager/ios`)
  - share_plus (from `.symlinks/plugins/share_plus/ios`)
  - shared_preferences_foundation (from `.symlinks/plugins/shared_preferences_foundation/darwin`)
  - sound_mode (from `.symlinks/plugins/sound_mode/ios`)
  - sqflite_darwin (from `.symlinks/plugins/sqflite_darwin/darwin`)
  - vibration (from `.symlinks/plugins/vibration/ios`)
  - video_compress (from `.symlinks/plugins/video_compress/ios`)
  - video_player_avfoundation (from `.symlinks/plugins/video_player_avfoundation/darwin`)
  - wakelock_plus (from `.symlinks/plugins/wakelock_plus/ios`)
  - webview_flutter_wkwebview (from `.symlinks/plugins/webview_flutter_wkwebview/darwin`)

SPEC REPOS:
  trunk:
    - AMapFoundation
    - AMapLocation
    - AMapSearch
    - ffmpeg-kit-ios-min
    - Mute

EXTERNAL SOURCES:
  amap_flutter_location:
    :path: ".symlinks/plugins/amap_flutter_location/ios"
  audio_session:
    :path: ".symlinks/plugins/audio_session/ios"
  better_open_file:
    :path: ".symlinks/plugins/better_open_file/ios"
  camera_avfoundation:
    :path: ".symlinks/plugins/camera_avfoundation/ios"
  device_info_plus:
    :path: ".symlinks/plugins/device_info_plus/ios"
  emoji_picker_flutter:
    :path: ".symlinks/plugins/emoji_picker_flutter/ios"
  ffmpeg_kit_flutter_min:
    :path: ".symlinks/plugins/ffmpeg_kit_flutter_min/ios"
  Flutter:
    :path: Flutter
  flutter_keyboard_visibility:
    :path: ".symlinks/plugins/flutter_keyboard_visibility/ios"
  gal:
    :path: ".symlinks/plugins/gal/darwin"
  just_audio:
    :path: ".symlinks/plugins/just_audio/ios"
  package_info_plus:
    :path: ".symlinks/plugins/package_info_plus/ios"
  path_provider_foundation:
    :path: ".symlinks/plugins/path_provider_foundation/darwin"
  permission_handler_apple:
    :path: ".symlinks/plugins/permission_handler_apple/ios"
  photo_manager:
    :path: ".symlinks/plugins/photo_manager/ios"
  share_plus:
    :path: ".symlinks/plugins/share_plus/ios"
  shared_preferences_foundation:
    :path: ".symlinks/plugins/shared_preferences_foundation/darwin"
  sound_mode:
    :path: ".symlinks/plugins/sound_mode/ios"
  sqflite_darwin:
    :path: ".symlinks/plugins/sqflite_darwin/darwin"
  vibration:
    :path: ".symlinks/plugins/vibration/ios"
  video_compress:
    :path: ".symlinks/plugins/video_compress/ios"
  video_player_avfoundation:
    :path: ".symlinks/plugins/video_player_avfoundation/darwin"
  wakelock_plus:
    :path: ".symlinks/plugins/wakelock_plus/ios"
  webview_flutter_wkwebview:
    :path: ".symlinks/plugins/webview_flutter_wkwebview/darwin"

SPEC CHECKSUMS:
  amap_flutter_location: 44ff5beb64f42e0bf5feb402fe299dac0013af6f
  AMapFoundation: 9885c48fc3a78fdfb84a0299a2293e56ea3c9fec
  AMapLocation: 5248aec2455ebb5d104b367813c946430a2ee033
  AMapSearch: aca1801c0521ce02ca943b20718f2d008cd93931
  audio_session: 088d2483ebd1dc43f51d253d4a1c517d9a2e7207
  better_open_file: 03cf320415d4d3f46b6e00adc4a567d76c1a399d
  camera_avfoundation: dd002b0330f4981e1bbcb46ae9b62829237459a4
  device_info_plus: bf2e3232933866d73fe290f2942f2156cdd10342
  emoji_picker_flutter: fe2e6151c5b548e975d546e6eeb567daf0962a58
  ffmpeg-kit-ios-min: 3748f7726cd539e308090371a9d572d1a9dfaf7e
  ffmpeg_kit_flutter_min: 03876cb5ff5f7cf493cbcef07fa738ae423e009c
  Flutter: e0871f40cf51350855a761d2e70bf5af5b9b5de7
  flutter_keyboard_visibility: 0339d06371254c3eb25eeb90ba8d17dca8f9c069
  gal: 61e868295d28fe67ffa297fae6dacebf56fd53e1
  just_audio: baa7252489dbcf47a4c7cc9ca663e9661c99aafa
  Mute: 20135a96076f140cc82bfc8b810e2d6150d8ec7e
  package_info_plus: c0502532a26c7662a62a356cebe2692ec5fe4ec4
  path_provider_foundation: 2b6b4c569c0fb62ec74538f866245ac84301af46
  permission_handler_apple: 9878588469a2b0d0fc1e048d9f43605f92e6cec2
  photo_manager: ff695c7a1dd5bc379974953a2b5c0a293f7c4c8a
  share_plus: 8b6f8b3447e494cca5317c8c3073de39b3600d1f
  shared_preferences_foundation: fcdcbc04712aee1108ac7fda236f363274528f78
  sound_mode: ef0072f20e7306c1c371984a443156e39be092d5
  sqflite_darwin: 5a7236e3b501866c1c9befc6771dfd73ffb8702d
  vibration: 7d883d141656a1c1a6d8d238616b2042a51a1241
  video_compress: fce97e4fb1dfd88175aa07d2ffc8a2f297f87fbe
  video_player_avfoundation: 7c6c11d8470e1675df7397027218274b6d2360b3
  wakelock_plus: 78ec7c5b202cab7761af8e2b2b3d0671be6c4ae1
  webview_flutter_wkwebview: 0982481e3d9c78fd5c6f62a002fcd24fc791f1e4

PODFILE CHECKSUM: ed175b6d88cb8815505309dcfdfcc8e2da16d533

COCOAPODS: 1.15.2
